
Microsoft Visual Studio Solution File, Format Version 12.00
# Visual Studio Version 16
VisualStudioVersion = 16.0.29424.173
MinimumVisualStudioVersion = 10.0.40219.1
Project("{FAE04EC0-301F-11D3-BF4B-00C04F79EFBC}") = "PlainRSA", "PlainRSA\PlainRSA.csproj", "{5FF01FF1-A850-4870-824E-0360EA4CC38B}"
EndProject
Global
	GlobalSection(SolutionConfigurationPlatforms) = preSolution
		Debug|Any CPU = Debug|Any CPU
		Release|Any CPU = Release|Any CPU
	EndGlobalSection
	GlobalSection(ProjectConfigurationPlatforms) = postSolution
		{5FF01FF1-A850-4870-824E-0360EA4CC38B}.Debug|Any CPU.ActiveCfg = Debug|Any CPU
		{5FF01FF1-A850-4870-824E-0360EA4CC38B}.Debug|Any CPU.Build.0 = Debug|Any CPU
		{5FF01FF1-A850-4870-824E-0360EA4CC38B}.Release|Any CPU.ActiveCfg = Release|Any CPU
		{5FF01FF1-A850-4870-824E-0360EA4CC38B}.Release|Any CPU.Build.0 = Release|Any CPU
	EndGlobalSection
	GlobalSection(SolutionProperties) = preSolution
		HideSolutionNode = FALSE
	EndGlobalSection
	GlobalSection(ExtensibilityGlobals) = postSolution
		SolutionGuid = {0E6D5355-5AB8-4FCD-BF39-4C812881CCAF}
	EndGlobalSection
EndGlobal
